# This file is automatically @generated by Poetry 1.4.2 and should not be changed by hand.

[[package]]
name = "filelock"
version = "3.12.0"
description = "A platform independent file lock."
category = "main"
optional = false
python-versions = ">=3.7"
files = [
    {file = "filelock-3.12.0-py3-none-any.whl", hash = "sha256:ad98852315c2ab702aeb628412cbf7e95b7ce8c3bf9565670b4eaecf1db370a9"},
    {file = "filelock-3.12.0.tar.gz", hash = "sha256:fc03ae43288c013d2ea83c8597001b1129db351aad9c57fe2409327916b8e718"},
]

[package.extras]
docs = ["furo (>=2023.3.27)", "sphinx (>=6.1.3)", "sphinx-autodoc-typehints (>=1.23,!=1.23.4)"]
testing = ["covdefaults (>=2.3)", "coverage (>=7.2.3)", "diff-cover (>=7.5)", "pytest (>=7.3.1)", "pytest-cov (>=4)", "pytest-mock (>=3.10)", "pytest-timeout (>=2.1)"]

[[package]]
name = "jinja2"
version = "3.1.2"
description = "A very fast and expressive template engine."
category = "main"
optional = false
python-versions = ">=3.7"
files = [
    {file = "Jinja2-3.1.2-py3-none-any.whl", hash = "sha256:6088930bfe239f0e6710546ab9c19c9ef35e29792895fed6e6e31a023a182a61"},
    {file = "Jinja2-3.1.2.tar.gz", hash = "sha256:31351a702a408a9e7595a8fc6150fc3f43bb6bf7e319770cbc0db9df9437e852"},
]

[package.dependencies]
MarkupSafe = ">=2.0"

[package.extras]
i18n = ["Babel (>=2.7)"]

[[package]]
name = "markupsafe"
version = "2.1.2"
description = "Safely add untrusted strings to HTML/XML markup."
category = "main"
optional = false
python-versions = ">=3.7"
files = [
    {file = "MarkupSafe-2.1.2-cp310-cp310-macosx_10_9_universal2.whl", hash = "sha256:665a36ae6f8f20a4676b53224e33d456a6f5a72657d9c83c2aa00765072f31f7"},
    {file = "MarkupSafe-2.1.2-cp310-cp310-macosx_10_9_x86_64.whl", hash = "sha256:340bea174e9761308703ae988e982005aedf427de816d1afe98147668cc03036"},
    {file = "MarkupSafe-2.1.2-cp310-cp310-manylinux_2_17_aarch64.manylinux2014_aarch64.whl", hash = "sha256:22152d00bf4a9c7c83960521fc558f55a1adbc0631fbb00a9471e097b19d72e1"},
    {file = "MarkupSafe-2.1.2-cp310-cp310-manylinux_2_17_x86_64.manylinux2014_x86_64.whl", hash = "sha256:28057e985dace2f478e042eaa15606c7efccb700797660629da387eb289b9323"},
    {file = "MarkupSafe-2.1.2-cp310-cp310-manylinux_2_5_i686.manylinux1_i686.manylinux_2_17_i686.manylinux2014_i686.whl", hash = "sha256:ca244fa73f50a800cf8c3ebf7fd93149ec37f5cb9596aa8873ae2c1d23498601"},
    {file = "MarkupSafe-2.1.2-cp310-cp310-musllinux_1_1_aarch64.whl", hash = "sha256:d9d971ec1e79906046aa3ca266de79eac42f1dbf3612a05dc9368125952bd1a1"},
    {file = "MarkupSafe-2.1.2-cp310-cp310-musllinux_1_1_i686.whl", hash = "sha256:7e007132af78ea9df29495dbf7b5824cb71648d7133cf7848a2a5dd00d36f9ff"},
    {file = "MarkupSafe-2.1.2-cp310-cp310-musllinux_1_1_x86_64.whl", hash = "sha256:7313ce6a199651c4ed9d7e4cfb4aa56fe923b1adf9af3b420ee14e6d9a73df65"},
    {file = "MarkupSafe-2.1.2-cp310-cp310-win32.whl", hash = "sha256:c4a549890a45f57f1ebf99c067a4ad0cb423a05544accaf2b065246827ed9603"},
    {file = "MarkupSafe-2.1.2-cp310-cp310-win_amd64.whl", hash = "sha256:835fb5e38fd89328e9c81067fd642b3593c33e1e17e2fdbf77f5676abb14a156"},
    {file = "MarkupSafe-2.1.2-cp311-cp311-macosx_10_9_universal2.whl", hash = "sha256:2ec4f2d48ae59bbb9d1f9d7efb9236ab81429a764dedca114f5fdabbc3788013"},
    {file = "MarkupSafe-2.1.2-cp311-cp311-macosx_10_9_x86_64.whl", hash = "sha256:608e7073dfa9e38a85d38474c082d4281f4ce276ac0010224eaba11e929dd53a"},
    {file = "MarkupSafe-2.1.2-cp311-cp311-manylinux_2_17_aarch64.manylinux2014_aarch64.whl", hash = "sha256:65608c35bfb8a76763f37036547f7adfd09270fbdbf96608be2bead319728fcd"},
    {file = "MarkupSafe-2.1.2-cp311-cp311-manylinux_2_17_x86_64.manylinux2014_x86_64.whl", hash = "sha256:f2bfb563d0211ce16b63c7cb9395d2c682a23187f54c3d79bfec33e6705473c6"},
    {file = "MarkupSafe-2.1.2-cp311-cp311-manylinux_2_5_i686.manylinux1_i686.manylinux_2_17_i686.manylinux2014_i686.whl", hash = "sha256:da25303d91526aac3672ee6d49a2f3db2d9502a4a60b55519feb1a4c7714e07d"},
    {file = "MarkupSafe-2.1.2-cp311-cp311-musllinux_1_1_aarch64.whl", hash = "sha256:9cad97ab29dfc3f0249b483412c85c8ef4766d96cdf9dcf5a1e3caa3f3661cf1"},
    {file = "MarkupSafe-2.1.2-cp311-cp311-musllinux_1_1_i686.whl", hash = "sha256:085fd3201e7b12809f9e6e9bc1e5c96a368c8523fad5afb02afe3c051ae4afcc"},
    {file = "MarkupSafe-2.1.2-cp311-cp311-musllinux_1_1_x86_64.whl", hash = "sha256:1bea30e9bf331f3fef67e0a3877b2288593c98a21ccb2cf29b74c581a4eb3af0"},
    {file = "MarkupSafe-2.1.2-cp311-cp311-win32.whl", hash = "sha256:7df70907e00c970c60b9ef2938d894a9381f38e6b9db73c5be35e59d92e06625"},
    {file = "MarkupSafe-2.1.2-cp311-cp311-win_amd64.whl", hash = "sha256:e55e40ff0cc8cc5c07996915ad367fa47da6b3fc091fdadca7f5403239c5fec3"},
    {file = "MarkupSafe-2.1.2-cp37-cp37m-macosx_10_9_x86_64.whl", hash = "sha256:a6e40afa7f45939ca356f348c8e23048e02cb109ced1eb8420961b2f40fb373a"},
    {file = "MarkupSafe-2.1.2-cp37-cp37m-manylinux_2_17_aarch64.manylinux2014_aarch64.whl", hash = "sha256:cf877ab4ed6e302ec1d04952ca358b381a882fbd9d1b07cccbfd61783561f98a"},
    {file = "MarkupSafe-2.1.2-cp37-cp37m-manylinux_2_17_x86_64.manylinux2014_x86_64.whl", hash = "sha256:63ba06c9941e46fa389d389644e2d8225e0e3e5ebcc4ff1ea8506dce646f8c8a"},
    {file = "MarkupSafe-2.1.2-cp37-cp37m-manylinux_2_5_i686.manylinux1_i686.manylinux_2_17_i686.manylinux2014_i686.whl", hash = "sha256:f1cd098434e83e656abf198f103a8207a8187c0fc110306691a2e94a78d0abb2"},
    {file = "MarkupSafe-2.1.2-cp37-cp37m-musllinux_1_1_aarch64.whl", hash = "sha256:55f44b440d491028addb3b88f72207d71eeebfb7b5dbf0643f7c023ae1fba619"},
    {file = "MarkupSafe-2.1.2-cp37-cp37m-musllinux_1_1_i686.whl", hash = "sha256:a6f2fcca746e8d5910e18782f976489939d54a91f9411c32051b4aab2bd7c513"},
    {file = "MarkupSafe-2.1.2-cp37-cp37m-musllinux_1_1_x86_64.whl", hash = "sha256:0b462104ba25f1ac006fdab8b6a01ebbfbce9ed37fd37fd4acd70c67c973e460"},
    {file = "MarkupSafe-2.1.2-cp37-cp37m-win32.whl", hash = "sha256:7668b52e102d0ed87cb082380a7e2e1e78737ddecdde129acadb0eccc5423859"},
    {file = "MarkupSafe-2.1.2-cp37-cp37m-win_amd64.whl", hash = "sha256:6d6607f98fcf17e534162f0709aaad3ab7a96032723d8ac8750ffe17ae5a0666"},
    {file = "MarkupSafe-2.1.2-cp38-cp38-macosx_10_9_universal2.whl", hash = "sha256:a806db027852538d2ad7555b203300173dd1b77ba116de92da9afbc3a3be3eed"},
    {file = "MarkupSafe-2.1.2-cp38-cp38-macosx_10_9_x86_64.whl", hash = "sha256:a4abaec6ca3ad8660690236d11bfe28dfd707778e2442b45addd2f086d6ef094"},
    {file = "MarkupSafe-2.1.2-cp38-cp38-manylinux_2_17_aarch64.manylinux2014_aarch64.whl", hash = "sha256:f03a532d7dee1bed20bc4884194a16160a2de9ffc6354b3878ec9682bb623c54"},
    {file = "MarkupSafe-2.1.2-cp38-cp38-manylinux_2_17_x86_64.manylinux2014_x86_64.whl", hash = "sha256:4cf06cdc1dda95223e9d2d3c58d3b178aa5dacb35ee7e3bbac10e4e1faacb419"},
    {file = "MarkupSafe-2.1.2-cp38-cp38-manylinux_2_5_i686.manylinux1_i686.manylinux_2_17_i686.manylinux2014_i686.whl", hash = "sha256:22731d79ed2eb25059ae3df1dfc9cb1546691cc41f4e3130fe6bfbc3ecbbecfa"},
    {file = "MarkupSafe-2.1.2-cp38-cp38-musllinux_1_1_aarch64.whl", hash = "sha256:f8ffb705ffcf5ddd0e80b65ddf7bed7ee4f5a441ea7d3419e861a12eaf41af58"},
    {file = "MarkupSafe-2.1.2-cp38-cp38-musllinux_1_1_i686.whl", hash = "sha256:8db032bf0ce9022a8e41a22598eefc802314e81b879ae093f36ce9ddf39ab1ba"},
    {file = "MarkupSafe-2.1.2-cp38-cp38-musllinux_1_1_x86_64.whl", hash = "sha256:2298c859cfc5463f1b64bd55cb3e602528db6fa0f3cfd568d3605c50678f8f03"},
    {file = "MarkupSafe-2.1.2-cp38-cp38-win32.whl", hash = "sha256:50c42830a633fa0cf9e7d27664637532791bfc31c731a87b202d2d8ac40c3ea2"},
    {file = "MarkupSafe-2.1.2-cp38-cp38-win_amd64.whl", hash = "sha256:bb06feb762bade6bf3c8b844462274db0c76acc95c52abe8dbed28ae3d44a147"},
    {file = "MarkupSafe-2.1.2-cp39-cp39-macosx_10_9_universal2.whl", hash = "sha256:99625a92da8229df6d44335e6fcc558a5037dd0a760e11d84be2260e6f37002f"},
    {file = "MarkupSafe-2.1.2-cp39-cp39-macosx_10_9_x86_64.whl", hash = "sha256:8bca7e26c1dd751236cfb0c6c72d4ad61d986e9a41bbf76cb445f69488b2a2bd"},
    {file = "MarkupSafe-2.1.2-cp39-cp39-manylinux_2_17_aarch64.manylinux2014_aarch64.whl", hash = "sha256:40627dcf047dadb22cd25ea7ecfe9cbf3bbbad0482ee5920b582f3809c97654f"},
    {file = "MarkupSafe-2.1.2-cp39-cp39-manylinux_2_17_x86_64.manylinux2014_x86_64.whl", hash = "sha256:40dfd3fefbef579ee058f139733ac336312663c6706d1163b82b3003fb1925c4"},
    {file = "MarkupSafe-2.1.2-cp39-cp39-manylinux_2_5_i686.manylinux1_i686.manylinux_2_17_i686.manylinux2014_i686.whl", hash = "sha256:090376d812fb6ac5f171e5938e82e7f2d7adc2b629101cec0db8b267815c85e2"},
    {file = "MarkupSafe-2.1.2-cp39-cp39-musllinux_1_1_aarch64.whl", hash = "sha256:2e7821bffe00aa6bd07a23913b7f4e01328c3d5cc0b40b36c0bd81d362faeb65"},
    {file = "MarkupSafe-2.1.2-cp39-cp39-musllinux_1_1_i686.whl", hash = "sha256:c0a33bc9f02c2b17c3ea382f91b4db0e6cde90b63b296422a939886a7a80de1c"},
    {file = "MarkupSafe-2.1.2-cp39-cp39-musllinux_1_1_x86_64.whl", hash = "sha256:b8526c6d437855442cdd3d87eede9c425c4445ea011ca38d937db299382e6fa3"},
    {file = "MarkupSafe-2.1.2-cp39-cp39-win32.whl", hash = "sha256:137678c63c977754abe9086a3ec011e8fd985ab90631145dfb9294ad09c102a7"},
    {file = "MarkupSafe-2.1.2-cp39-cp39-win_amd64.whl", hash = "sha256:0576fe974b40a400449768941d5d0858cc624e3249dfd1e0c33674e5c7ca7aed"},
    {file = "MarkupSafe-2.1.2.tar.gz", hash = "sha256:abcabc8c2b26036d62d4c746381a6f7cf60aafcc653198ad678306986b09450d"},
]

[[package]]
name = "mpmath"
version = "1.3.0"
description = "Python library for arbitrary-precision floating-point arithmetic"
category = "main"
optional = false
python-versions = "*"
files = [
    {file = "mpmath-1.3.0-py3-none-any.whl", hash = "sha256:a0b2b9fe80bbcd81a6647ff13108738cfb482d481d826cc0e02f5b35e5c88d2c"},
    {file = "mpmath-1.3.0.tar.gz", hash = "sha256:7a28eb2a9774d00c7bc92411c19a89209d5da7c4c9a9e227be8330a23a25b91f"},
]

[package.extras]
develop = ["codecov", "pycodestyle", "pytest (>=4.6)", "pytest-cov", "wheel"]
docs = ["sphinx"]
gmpy = ["gmpy2 (>=2.1.0a4)"]
tests = ["pytest (>=4.6)"]

[[package]]
name = "networkx"
version = "3.1"
description = "Python package for creating and manipulating graphs and networks"
category = "main"
optional = false
python-versions = ">=3.8"
files = [
    {file = "networkx-3.1-py3-none-any.whl", hash = "sha256:4f33f68cb2afcf86f28a45f43efc27a9386b535d567d2127f8f61d51dec58d36"},
    {file = "networkx-3.1.tar.gz", hash = "sha256:de346335408f84de0eada6ff9fafafff9bcda11f0a0dfaa931133debb146ab61"},
]

[package.extras]
default = ["matplotlib (>=3.4)", "numpy (>=1.20)", "pandas (>=1.3)", "scipy (>=1.8)"]
developer = ["mypy (>=1.1)", "pre-commit (>=3.2)"]
doc = ["nb2plots (>=0.6)", "numpydoc (>=1.5)", "pillow (>=9.4)", "pydata-sphinx-theme (>=0.13)", "sphinx (>=6.1)", "sphinx-gallery (>=0.12)", "texext (>=0.6.7)"]
extra = ["lxml (>=4.6)", "pydot (>=1.4.2)", "pygraphviz (>=1.10)", "sympy (>=1.10)"]
test = ["codecov (>=2.1)", "pytest (>=7.2)", "pytest-cov (>=4.0)"]

[[package]]
name = "numpy"
version = "1.21.1"
description = "NumPy is the fundamental package for array computing with Python."
category = "main"
optional = false
python-versions = ">=3.7"
files = [
    {file = "numpy-1.21.1-cp37-cp37m-macosx_10_9_x86_64.whl", hash = "sha256:38e8648f9449a549a7dfe8d8755a5979b45b3538520d1e735637ef28e8c2dc50"},
    {file = "numpy-1.21.1-cp37-cp37m-manylinux_2_12_i686.manylinux2010_i686.whl", hash = "sha256:fd7d7409fa643a91d0a05c7554dd68aa9c9bb16e186f6ccfe40d6e003156e33a"},
    {file = "numpy-1.21.1-cp37-cp37m-manylinux_2_12_x86_64.manylinux2010_x86_64.whl", hash = "sha256:a75b4498b1e93d8b700282dc8e655b8bd559c0904b3910b144646dbbbc03e062"},
    {file = "numpy-1.21.1-cp37-cp37m-manylinux_2_17_aarch64.manylinux2014_aarch64.whl", hash = "sha256:1412aa0aec3e00bc23fbb8664d76552b4efde98fb71f60737c83efbac24112f1"},
    {file = "numpy-1.21.1-cp37-cp37m-manylinux_2_5_i686.manylinux1_i686.whl", hash = "sha256:e46ceaff65609b5399163de5893d8f2a82d3c77d5e56d976c8b5fb01faa6b671"},
    {file = "numpy-1.21.1-cp37-cp37m-manylinux_2_5_x86_64.manylinux1_x86_64.whl", hash = "sha256:c6a2324085dd52f96498419ba95b5777e40b6bcbc20088fddb9e8cbb58885e8e"},
    {file = "numpy-1.21.1-cp37-cp37m-win32.whl", hash = "sha256:73101b2a1fef16602696d133db402a7e7586654682244344b8329cdcbbb82172"},
    {file = "numpy-1.21.1-cp37-cp37m-win_amd64.whl", hash = "sha256:7a708a79c9a9d26904d1cca8d383bf869edf6f8e7650d85dbc77b041e8c5a0f8"},
    {file = "numpy-1.21.1-cp38-cp38-macosx_10_9_universal2.whl", hash = "sha256:95b995d0c413f5d0428b3f880e8fe1660ff9396dcd1f9eedbc311f37b5652e16"},
    {file = "numpy-1.21.1-cp38-cp38-macosx_10_9_x86_64.whl", hash = "sha256:635e6bd31c9fb3d475c8f44a089569070d10a9ef18ed13738b03049280281267"},
    {file = "numpy-1.21.1-cp38-cp38-macosx_11_0_arm64.whl", hash = "sha256:4a3d5fb89bfe21be2ef47c0614b9c9c707b7362386c9a3ff1feae63e0267ccb6"},
    {file = "numpy-1.21.1-cp38-cp38-manylinux_2_12_i686.manylinux2010_i686.whl", hash = "sha256:8a326af80e86d0e9ce92bcc1e65c8ff88297de4fa14ee936cb2293d414c9ec63"},
    {file = "numpy-1.21.1-cp38-cp38-manylinux_2_12_x86_64.manylinux2010_x86_64.whl", hash = "sha256:791492091744b0fe390a6ce85cc1bf5149968ac7d5f0477288f78c89b385d9af"},
    {file = "numpy-1.21.1-cp38-cp38-manylinux_2_17_aarch64.manylinux2014_aarch64.whl", hash = "sha256:0318c465786c1f63ac05d7c4dbcecd4d2d7e13f0959b01b534ea1e92202235c5"},
    {file = "numpy-1.21.1-cp38-cp38-manylinux_2_5_i686.manylinux1_i686.whl", hash = "sha256:9a513bd9c1551894ee3d31369f9b07460ef223694098cf27d399513415855b68"},
    {file = "numpy-1.21.1-cp38-cp38-manylinux_2_5_x86_64.manylinux1_x86_64.whl", hash = "sha256:91c6f5fc58df1e0a3cc0c3a717bb3308ff850abdaa6d2d802573ee2b11f674a8"},
    {file = "numpy-1.21.1-cp38-cp38-win32.whl", hash = "sha256:978010b68e17150db8765355d1ccdd450f9fc916824e8c4e35ee620590e234cd"},
    {file = "numpy-1.21.1-cp38-cp38-win_amd64.whl", hash = "sha256:9749a40a5b22333467f02fe11edc98f022133ee1bfa8ab99bda5e5437b831214"},
    {file = "numpy-1.21.1-cp39-cp39-macosx_10_9_universal2.whl", hash = "sha256:d7a4aeac3b94af92a9373d6e77b37691b86411f9745190d2c351f410ab3a791f"},
    {file = "numpy-1.21.1-cp39-cp39-macosx_10_9_x86_64.whl", hash = "sha256:d9e7912a56108aba9b31df688a4c4f5cb0d9d3787386b87d504762b6754fbb1b"},
    {file = "numpy-1.21.1-cp39-cp39-macosx_11_0_arm64.whl", hash = "sha256:25b40b98ebdd272bc3020935427a4530b7d60dfbe1ab9381a39147834e985eac"},
    {file = "numpy-1.21.1-cp39-cp39-manylinux_2_12_i686.manylinux2010_i686.whl", hash = "sha256:8a92c5aea763d14ba9d6475803fc7904bda7decc2a0a68153f587ad82941fec1"},
    {file = "numpy-1.21.1-cp39-cp39-manylinux_2_12_x86_64.manylinux2010_x86_64.whl", hash = "sha256:05a0f648eb28bae4bcb204e6fd14603de2908de982e761a2fc78efe0f19e96e1"},
    {file = "numpy-1.21.1-cp39-cp39-manylinux_2_17_aarch64.manylinux2014_aarch64.whl", hash = "sha256:f01f28075a92eede918b965e86e8f0ba7b7797a95aa8d35e1cc8821f5fc3ad6a"},
    {file = "numpy-1.21.1-cp39-cp39-win32.whl", hash = "sha256:88c0b89ad1cc24a5efbb99ff9ab5db0f9a86e9cc50240177a571fbe9c2860ac2"},
    {file = "numpy-1.21.1-cp39-cp39-win_amd64.whl", hash = "sha256:01721eefe70544d548425a07c80be8377096a54118070b8a62476866d5208e33"},
    {file = "numpy-1.21.1-pp37-pypy37_pp73-manylinux_2_12_x86_64.manylinux2010_x86_64.whl", hash = "sha256:2d4d1de6e6fb3d28781c73fbde702ac97f03d79e4ffd6598b880b2d95d62ead4"},
    {file = "numpy-1.21.1.zip", hash = "sha256:dff4af63638afcc57a3dfb9e4b26d434a7a602d225b42d746ea7fe2edf1342fd"},
]

[[package]]
name = "pygame"
version = "2.3.0"
description = "Python Game Development"
category = "main"
optional = false
python-versions = ">=3.6"
files = [
    {file = "pygame-2.3.0-cp310-cp310-macosx_10_9_x86_64.whl", hash = "sha256:3e9535cf1af0c6ca38d94e0b492fc41057d7bf05e9bd64d3ed3e216d336d6d11"},
    {file = "pygame-2.3.0-cp310-cp310-macosx_11_0_arm64.whl", hash = "sha256:23bd3c3a6d4e8acddee2297d609dbc5953d6ba99b0f0cc5ccc2f567889db3785"},
    {file = "pygame-2.3.0-cp310-cp310-manylinux_2_12_i686.manylinux2010_i686.whl", hash = "sha256:619eed2d97f28af9d4cdb217a5517fd6f59b873f2f1d31b4489ed852b9a175c3"},
    {file = "pygame-2.3.0-cp310-cp310-manylinux_2_12_x86_64.manylinux2010_x86_64.whl", hash = "sha256:9ccac73a8c913809ba2c1408d750abf14e45666b3c83493370441c52e99222b4"},
    {file = "pygame-2.3.0-cp310-cp310-manylinux_2_17_aarch64.manylinux2014_aarch64.whl", hash = "sha256:0ec8e691407b6c91525b2d7c8386fd6232b97d8f8c33d134ec0c0165b1d52c24"},
    {file = "pygame-2.3.0-cp310-cp310-manylinux_2_17_i686.manylinux2014_i686.whl", hash = "sha256:8308b21804d137a3b7cafbd020d2159eb5bcc18ffc9c3993b20311069c326a2c"},
    {file = "pygame-2.3.0-cp310-cp310-manylinux_2_17_x86_64.manylinux2014_x86_64.whl", hash = "sha256:a1d737db18f4c94b620613c6a047a3a1eecc0f36df7d5da4070de575930cc5f0"},
    {file = "pygame-2.3.0-cp310-cp310-win32.whl", hash = "sha256:788717d0b9a0d0828a763381e1eb6a127ceef815f9a91ff52217ed4b78df62fc"},
    {file = "pygame-2.3.0-cp310-cp310-win_amd64.whl", hash = "sha256:e3948be800b5f251a0741ec3aab3ca508dfc391095726a69af7064fa4d3e0547"},
    {file = "pygame-2.3.0-cp311-cp311-macosx_10_9_x86_64.whl", hash = "sha256:82e5806fd797bd1b27fae705683f6822ae5276ec9cda42e6e21bba61985b763a"},
    {file = "pygame-2.3.0-cp311-cp311-macosx_11_0_arm64.whl", hash = "sha256:fab0457ab07e8abb99de2b83c0a71f98bdf79afb01ff611873e4333fd8649f02"},
    {file = "pygame-2.3.0-cp311-cp311-manylinux_2_17_aarch64.manylinux2014_aarch64.whl", hash = "sha256:ad8fa7a91fa8f2a4fa46366142763675a0a11b7c34b06dfc20b1095d116da820"},
    {file = "pygame-2.3.0-cp311-cp311-manylinux_2_17_i686.manylinux2014_i686.whl", hash = "sha256:cfff49dbb7fcc2a9a88e3f25fda7f181ee4957fd89df78c47fa64c689d19b8a9"},
    {file = "pygame-2.3.0-cp311-cp311-manylinux_2_17_x86_64.manylinux2014_x86_64.whl", hash = "sha256:a5afd712bd7307d034e6940f3025c4b769656fd4cbb38fbdbd6af0f93d6c8386"},
    {file = "pygame-2.3.0-cp311-cp311-win32.whl", hash = "sha256:fa18acc2d6f0d09575802e1db11845fc0f83f9777cc385c51380125df92f3dc9"},
    {file = "pygame-2.3.0-cp311-cp311-win_amd64.whl", hash = "sha256:101c57141d705ca1930377c324d2c7acd3099f1b4ac676981bdf5d5b329842c8"},
    {file = "pygame-2.3.0-cp36-cp36m-macosx_10_9_x86_64.whl", hash = "sha256:17730a2ed1001e5876745702c92906ad31ecedc13825efba56a0cba92e273b7a"},
    {file = "pygame-2.3.0-cp36-cp36m-manylinux_2_12_i686.manylinux2010_i686.whl", hash = "sha256:4b334f6dd6c1412dd4b161a8562b7a422db957f67b7eb93e927606e2dd435882"},
    {file = "pygame-2.3.0-cp36-cp36m-manylinux_2_12_x86_64.manylinux2010_x86_64.whl", hash = "sha256:4db1b103025fd4b451dfa409c0da16d2ff31714ae82bdf45b1434863cd69370b"},
    {file = "pygame-2.3.0-cp36-cp36m-manylinux_2_17_aarch64.manylinux2014_aarch64.whl", hash = "sha256:d339f90cc30de4b013670de84abd46de4be602d5c52bbe4e569fa15d17b204ca"},
    {file = "pygame-2.3.0-cp36-cp36m-manylinux_2_17_i686.manylinux2014_i686.whl", hash = "sha256:a7390815dad55a2db9f8daac6f2c2e593801daea2d674433a72b91ea1caee0d3"},
    {file = "pygame-2.3.0-cp36-cp36m-manylinux_2_17_x86_64.manylinux2014_x86_64.whl", hash = "sha256:59a1e473c627acf369b30bb52fb5f39d1f68f8c204aa857578b72f07a23c952b"},
    {file = "pygame-2.3.0-cp36-cp36m-manylinux_2_5_i686.manylinux1_i686.whl", hash = "sha256:228514c0d034c840b8ee6bf99185df34ac15e6a6a99684b8a3900124417c8d8f"},
    {file = "pygame-2.3.0-cp36-cp36m-manylinux_2_5_x86_64.manylinux1_x86_64.whl", hash = "sha256:a8b315203925724f89a81a741682589ba1c36ec858d98e6accb7501ece9e99a3"},
    {file = "pygame-2.3.0-cp36-cp36m-win32.whl", hash = "sha256:38642c6cc6477db6ebddd52be39bad0a9e19cf097f83feaaf8e7573b9a9d2405"},
    {file = "pygame-2.3.0-cp36-cp36m-win_amd64.whl", hash = "sha256:525e11a2b9182ec84d690634016009e382ab8b488593c3f150a0b8aae28aa165"},
    {file = "pygame-2.3.0-cp37-cp37m-macosx_10_9_x86_64.whl", hash = "sha256:32bdf1d5d9e0763779d0b915d4617253949a6c118c4c6b5ae1a77cf1df964e4c"},
    {file = "pygame-2.3.0-cp37-cp37m-manylinux_2_12_i686.manylinux2010_i686.whl", hash = "sha256:f57b1ee40387e43ab5c3cf20437283477b5ef52ead4bb1d9bff254ef9ee70623"},
    {file = "pygame-2.3.0-cp37-cp37m-manylinux_2_12_x86_64.manylinux2010_x86_64.whl", hash = "sha256:6ccde93b51d2393216f98e8f81cf5cc628513d837c89dcf5b588f52031659c09"},
    {file = "pygame-2.3.0-cp37-cp37m-manylinux_2_17_aarch64.manylinux2014_aarch64.whl", hash = "sha256:c60be419d7cca1222895dfe9d520628b7346015208382a19fa678356a22664b3"},
    {file = "pygame-2.3.0-cp37-cp37m-manylinux_2_17_i686.manylinux2014_i686.whl", hash = "sha256:43f238229b3a9e5692ba5a31638f1c148257b37a49ef21f03b23b34d7f00b2d9"},
    {file = "pygame-2.3.0-cp37-cp37m-manylinux_2_17_x86_64.manylinux2014_x86_64.whl", hash = "sha256:d628637d4f0c55613f258b84eef932faf89e683aa842f4fd483a676f44a38606"},
    {file = "pygame-2.3.0-cp37-cp37m-manylinux_2_5_i686.manylinux1_i686.whl", hash = "sha256:35f5a9cc7a9a2ea3d048e418e79f30e1506cb47015939330903026c636761aab"},
    {file = "pygame-2.3.0-cp37-cp37m-manylinux_2_5_x86_64.manylinux1_x86_64.whl", hash = "sha256:703d5def9d4dbe9c358f63151bee4a55e328dd7737e692f52522bc44be7c7c8c"},
    {file = "pygame-2.3.0-cp37-cp37m-win32.whl", hash = "sha256:53e9418c457fa549294feee7947bc0b24b048b4eba133f0e757dd2348d15af3b"},
    {file = "pygame-2.3.0-cp37-cp37m-win_amd64.whl", hash = "sha256:0a664cd6c50870f6749c389a8844318afc8a2d02f8cb7b05d67930fdf99252bd"},
    {file = "pygame-2.3.0-cp38-cp38-macosx_10_9_x86_64.whl", hash = "sha256:bf236758429d9b9cdadd1fcf40901588818ee440178b932409c40157ab41e902"},
    {file = "pygame-2.3.0-cp38-cp38-macosx_11_0_arm64.whl", hash = "sha256:3d035ba196c258876a87451fa7de65b62c087d7016e51000e8d95bc67c8584f7"},
    {file = "pygame-2.3.0-cp38-cp38-manylinux_2_12_i686.manylinux2010_i686.whl", hash = "sha256:57180b3aabbe17d8017aa724887019943d96ea69810f4315f5c1b7d4f64861f9"},
    {file = "pygame-2.3.0-cp38-cp38-manylinux_2_12_x86_64.manylinux2010_x86_64.whl", hash = "sha256:246f75f67d2ad4c2dad21b1f35c6092d67c4c0db13b2fa0a42d794e6e2794f47"},
    {file = "pygame-2.3.0-cp38-cp38-manylinux_2_17_aarch64.manylinux2014_aarch64.whl", hash = "sha256:033352321cc49d60fdc3c3ae4b3e10ecb6614846fb2eb3453c729aba48a2874d"},
    {file = "pygame-2.3.0-cp38-cp38-manylinux_2_17_i686.manylinux2014_i686.whl", hash = "sha256:3ee86606c6c7f61176ed24b427fa230fe4fc9f552aa555b8db21ddb608b4ce88"},
    {file = "pygame-2.3.0-cp38-cp38-manylinux_2_17_x86_64.manylinux2014_x86_64.whl", hash = "sha256:d949e93fbdaf5b43f69a484639104c07028f93686c8305afb0d8e382fde8ff5d"},
    {file = "pygame-2.3.0-cp38-cp38-manylinux_2_5_i686.manylinux1_i686.whl", hash = "sha256:f2acf958513bd1612960ec68aa5e388262218f7365db59e54e1ee68a55bc544b"},
    {file = "pygame-2.3.0-cp38-cp38-manylinux_2_5_x86_64.manylinux1_x86_64.whl", hash = "sha256:6c5d33355dfb66382bcac1fcf3db64ba71bc9e97082db3ae45a7a0d335e73268"},
    {file = "pygame-2.3.0-cp38-cp38-win32.whl", hash = "sha256:1eda9f30d376d4205e8204e542ab1348dcbb31755c8ba38772e48a3b2f91b2fc"},
    {file = "pygame-2.3.0-cp38-cp38-win_amd64.whl", hash = "sha256:b507df9ea606a87c29e5028b8de9f35066a15f6a5d7f3e5b47b3719e9403f924"},
    {file = "pygame-2.3.0-cp39-cp39-macosx_10_9_x86_64.whl", hash = "sha256:25c1b1819211aaa0f98264e6b670a496a9975079d5ae2dffd304b0aca6b1aa3c"},
    {file = "pygame-2.3.0-cp39-cp39-macosx_11_0_arm64.whl", hash = "sha256:e516bc6bba5455817bbb0038f4c44d1914aac13c7f7954dee9213c9ae28bd9ac"},
    {file = "pygame-2.3.0-cp39-cp39-manylinux_2_12_i686.manylinux2010_i686.whl", hash = "sha256:740b9f311c693b00d86a89cc6846afc1d1e013b006975eb8be0b18d5481c5b32"},
    {file = "pygame-2.3.0-cp39-cp39-manylinux_2_12_x86_64.manylinux2010_x86_64.whl", hash = "sha256:932034e1738873a55c4e2eb83b6e8c03f9a55feaa6a04a7da7b1e0e5a5050b4a"},
    {file = "pygame-2.3.0-cp39-cp39-manylinux_2_17_aarch64.manylinux2014_aarch64.whl", hash = "sha256:774233845099d632de676ad4d4dd08ba27ebce5bfa550b1dc9f6cce145e21c35"},
    {file = "pygame-2.3.0-cp39-cp39-manylinux_2_17_i686.manylinux2014_i686.whl", hash = "sha256:4f79a3c5e7f24474d6e722d597ee03d2b0d17958c77d4307787147cf339b4ad9"},
    {file = "pygame-2.3.0-cp39-cp39-manylinux_2_17_x86_64.manylinux2014_x86_64.whl", hash = "sha256:84fad9538012f1d6b298dcf690c4336e0317fe97ac10993b4d847ff547e919dd"},
    {file = "pygame-2.3.0-cp39-cp39-manylinux_2_5_i686.manylinux1_i686.whl", hash = "sha256:910678441d02c3b55ac59fcbc4220a824b094407de084734b5d84e0900d6448b"},
    {file = "pygame-2.3.0-cp39-cp39-manylinux_2_5_x86_64.manylinux1_x86_64.whl", hash = "sha256:653ec5102b9cb13a24e26663a81d7810790e56b88113b90aa5fdca681c01a5b9"},
    {file = "pygame-2.3.0-cp39-cp39-win32.whl", hash = "sha256:e62607c86e02d29ba5cb00837f73b1dce7b325a1f1f6d93150a0f96fa68da1a1"},
    {file = "pygame-2.3.0-cp39-cp39-win_amd64.whl", hash = "sha256:90931a210325274184860d898df4e87a0972654edbb2a6185afcdce32244dfb6"},
    {file = "pygame-2.3.0-pp36-pypy36_pp73-win32.whl", hash = "sha256:1dc89d825e0ccba5ba3605abbd83be1401e0a32de7ab64b9647a6bb1ecb0a4f7"},
    {file = "pygame-2.3.0-pp37-pypy37_pp73-manylinux_2_17_i686.manylinux2014_i686.whl", hash = "sha256:e323b75abda43345aff5ab2f6b1c017135f937f8a114d7aac8d95a07d200e19f"},
    {file = "pygame-2.3.0-pp37-pypy37_pp73-manylinux_2_17_x86_64.manylinux2014_x86_64.whl", hash = "sha256:e13de2947c496fcb600fa4b5cd00a5fa33d4b3af9d13c169a5f79268268de0a8"},
    {file = "pygame-2.3.0-pp38-pypy38_pp73-macosx_10_9_x86_64.whl", hash = "sha256:555234ed6b08242af95406fd3eb43255c3ce8e915e8c751f2d411bd40d574df4"},
    {file = "pygame-2.3.0-pp38-pypy38_pp73-manylinux_2_17_i686.manylinux2014_i686.whl", hash = "sha256:858d3968aebaca5015ef0ec82c513114a3c3fe64ce910222cfa852a39f03b135"},
    {file = "pygame-2.3.0-pp38-pypy38_pp73-manylinux_2_17_x86_64.manylinux2014_x86_64.whl", hash = "sha256:250b3ec3f90b05ad50cb0070d994a0a1f39fffe8181fc9508b8749884c313431"},
    {file = "pygame-2.3.0-pp39-pypy39_pp73-macosx_10_9_x86_64.whl", hash = "sha256:a5e83bd89da26f8360e02d5de2d2575981b0ebad81ea6d48aba610dabf167b88"},
    {file = "pygame-2.3.0-pp39-pypy39_pp73-manylinux_2_17_i686.manylinux2014_i686.whl", hash = "sha256:c2961d44593aaa99580971e4123db00d4ca72fb4b30fa56350b3f6792331a41e"},
    {file = "pygame-2.3.0-pp39-pypy39_pp73-manylinux_2_17_x86_64.manylinux2014_x86_64.whl", hash = "sha256:385163fd1ed8809a72be68fddc9c76876c304e8712695aff2ea49adf3831caf9"},
    {file = "pygame-2.3.0.tar.gz", hash = "sha256:884b92c9cbf0bfaf8b8dd0f75a746613c55447d307ddd1addf903709b3b9f89f"},
]

[[package]]
name = "sympy"
version = "1.12"
description = "Computer algebra system (CAS) in Python"
category = "main"
optional = false
python-versions = ">=3.8"
files = [
    {file = "sympy-1.12-py3-none-any.whl", hash = "sha256:c3588cd4295d0c0f603d0f2ae780587e64e2efeedb3521e46b9bb1d08d184fa5"},
    {file = "sympy-1.12.tar.gz", hash = "sha256:ebf595c8dac3e0fdc4152c51878b498396ec7f30e7a914d6071e674d49420fb8"},
]

[package.dependencies]
mpmath = ">=0.19"

[[package]]
name = "torch"
version = "2.0.1"
description = "Tensors and Dynamic neural networks in Python with strong GPU acceleration"
category = "main"
optional = false
python-versions = ">=3.8.0"
files = [
    {file = "torch-2.0.1-cp310-cp310-manylinux1_x86_64.whl", hash = "sha256:8ced00b3ba471856b993822508f77c98f48a458623596a4c43136158781e306a"},
    {file = "torch-2.0.1-cp310-cp310-manylinux2014_aarch64.whl", hash = "sha256:359bfaad94d1cda02ab775dc1cc386d585712329bb47b8741607ef6ef4950747"},
    {file = "torch-2.0.1-cp310-cp310-win_amd64.whl", hash = "sha256:7c84e44d9002182edd859f3400deaa7410f5ec948a519cc7ef512c2f9b34d2c4"},
    {file = "torch-2.0.1-cp310-none-macosx_10_9_x86_64.whl", hash = "sha256:567f84d657edc5582d716900543e6e62353dbe275e61cdc36eda4929e46df9e7"},
    {file = "torch-2.0.1-cp310-none-macosx_11_0_arm64.whl", hash = "sha256:787b5a78aa7917465e9b96399b883920c88a08f4eb63b5a5d2d1a16e27d2f89b"},
    {file = "torch-2.0.1-cp311-cp311-manylinux1_x86_64.whl", hash = "sha256:e617b1d0abaf6ced02dbb9486803abfef0d581609b09641b34fa315c9c40766d"},
    {file = "torch-2.0.1-cp311-cp311-manylinux2014_aarch64.whl", hash = "sha256:b6019b1de4978e96daa21d6a3ebb41e88a0b474898fe251fd96189587408873e"},
    {file = "torch-2.0.1-cp311-cp311-win_amd64.whl", hash = "sha256:dbd68cbd1cd9da32fe5d294dd3411509b3d841baecb780b38b3b7b06c7754434"},
    {file = "torch-2.0.1-cp311-none-macosx_10_9_x86_64.whl", hash = "sha256:ef654427d91600129864644e35deea761fb1fe131710180b952a6f2e2207075e"},
    {file = "torch-2.0.1-cp311-none-macosx_11_0_arm64.whl", hash = "sha256:25aa43ca80dcdf32f13da04c503ec7afdf8e77e3a0183dd85cd3e53b2842e527"},
    {file = "torch-2.0.1-cp38-cp38-manylinux1_x86_64.whl", hash = "sha256:5ef3ea3d25441d3957348f7e99c7824d33798258a2bf5f0f0277cbcadad2e20d"},
    {file = "torch-2.0.1-cp38-cp38-manylinux2014_aarch64.whl", hash = "sha256:0882243755ff28895e8e6dc6bc26ebcf5aa0911ed81b2a12f241fc4b09075b13"},
    {file = "torch-2.0.1-cp38-cp38-win_amd64.whl", hash = "sha256:f66aa6b9580a22b04d0af54fcd042f52406a8479e2b6a550e3d9f95963e168c8"},
    {file = "torch-2.0.1-cp38-none-macosx_10_9_x86_64.whl", hash = "sha256:1adb60d369f2650cac8e9a95b1d5758e25d526a34808f7448d0bd599e4ae9072"},
    {file = "torch-2.0.1-cp38-none-macosx_11_0_arm64.whl", hash = "sha256:1bcffc16b89e296826b33b98db5166f990e3b72654a2b90673e817b16c50e32b"},
    {file = "torch-2.0.1-cp39-cp39-manylinux1_x86_64.whl", hash = "sha256:e10e1597f2175365285db1b24019eb6f04d53dcd626c735fc502f1e8b6be9875"},
    {file = "torch-2.0.1-cp39-cp39-manylinux2014_aarch64.whl", hash = "sha256:423e0ae257b756bb45a4b49072046772d1ad0c592265c5080070e0767da4e490"},
    {file = "torch-2.0.1-cp39-cp39-win_amd64.whl", hash = "sha256:8742bdc62946c93f75ff92da00e3803216c6cce9b132fbca69664ca38cfb3e18"},
    {file = "torch-2.0.1-cp39-none-macosx_10_9_x86_64.whl", hash = "sha256:c62df99352bd6ee5a5a8d1832452110435d178b5164de450831a3a8cc14dc680"},
    {file = "torch-2.0.1-cp39-none-macosx_11_0_arm64.whl", hash = "sha256:671a2565e3f63b8fe8e42ae3e36ad249fe5e567435ea27b94edaa672a7d0c416"},
]

[package.dependencies]
filelock = "*"
jinja2 = "*"
networkx = "*"
sympy = "*"
typing-extensions = "*"

[package.extras]
opt-einsum = ["opt-einsum (>=3.3)"]

[[package]]
name = "typing-extensions"
version = "4.5.0"
description = "Backported and Experimental Type Hints for Python 3.7+"
category = "main"
optional = false
python-versions = ">=3.7"
files = [
    {file = "typing_extensions-4.5.0-py3-none-any.whl", hash = "sha256:fb33085c39dd998ac16d1431ebc293a8b3eedd00fd4a32de0ff79002c19511b4"},
    {file = "typing_extensions-4.5.0.tar.gz", hash = "sha256:5cb5f4a79139d699607b3ef622a1dedafa84e115ab0024e0d9c044a9479ca7cb"},
]

[metadata]
lock-version = "2.0"
python-versions = ">=3.9"
content-hash = "de96ab2e8d132c97595756ad8a0d594c3e5b04d8b25852d4701aa6356925b9a1"
